{
  "name": "suma",
  "version": "1.0.0",
  "lockfileVersion": 3,
  "requires": true,
  "packages": {
    "": {
      "name": "suma",
      "version": "1.0.0",
      "license": "ISC",
      "dependencies": {
        "chatgtp3noinvadasmipais": "^2.0.0"
      }
    },
    "node_modules/chatgtp3noinvadasmipais": {
      "version": "2.0.0",
      "resolved": "https://registry.npmjs.org/chatgtp3noinvadasmipais/-/chatgtp3noinvadasmipais-2.0.0.tgz",
      "integrity": "sha512-LRbB+uk94yMc2DiQ0zp4Ecnny8dBdaBpr0LJb/TMxO7UIs9M6jYS8f6fZYgUyaLn5h1mMnhc02eXB14VL3XecQ==",
      "license": "ISC"
    }
  }
}
